
Microsoft Visual Studio Solution File, Format Version 12.00
# Visual Studio 15
VisualStudioVersion = 15.0.28307.438
MinimumVisualStudioVersion = 10.0.40219.1
Project("{FAE04EC0-301F-11D3-BF4B-00C04F79EFBC}") = "Missions", "Missions\Missions.csproj", "{E9FCD77D-8EBB-4A16-BCEF-3DCDC2F6098E}"
EndProject
Project("{FAE04EC0-301F-11D3-BF4B-00C04F79EFBC}") = "Container", "Container\Container.csproj", "{E4E3B971-6DA3-4DF7-B468-A6B54E313272}"
EndProject
Global
	GlobalSection(SolutionConfigurationPlatforms) = preSolution
		Debug|Any CPU = Debug|Any CPU
		Release|Any CPU = Release|Any CPU
	EndGlobalSection
	GlobalSection(ProjectConfigurationPlatforms) = postSolution
		{E9FCD77D-8EBB-4A16-BCEF-3DCDC2F6098E}.Debug|Any CPU.ActiveCfg = Debug|Any CPU
		{E9FCD77D-8EBB-4A16-BCEF-3DCDC2F6098E}.Debug|Any CPU.Build.0 = Debug|Any CPU
		{E9FCD77D-8EBB-4A16-BCEF-3DCDC2F6098E}.Release|Any CPU.ActiveCfg = Release|Any CPU
		{E9FCD77D-8EBB-4A16-BCEF-3DCDC2F6098E}.Release|Any CPU.Build.0 = Release|Any CPU
		{E4E3B971-6DA3-4DF7-B468-A6B54E313272}.Debug|Any CPU.ActiveCfg = Debug|Any CPU
		{E4E3B971-6DA3-4DF7-B468-A6B54E313272}.Debug|Any CPU.Build.0 = Debug|Any CPU
		{E4E3B971-6DA3-4DF7-B468-A6B54E313272}.Release|Any CPU.ActiveCfg = Release|Any CPU
		{E4E3B971-6DA3-4DF7-B468-A6B54E313272}.Release|Any CPU.Build.0 = Release|Any CPU
	EndGlobalSection
	GlobalSection(SolutionProperties) = preSolution
		HideSolutionNode = FALSE
	EndGlobalSection
	GlobalSection(ExtensibilityGlobals) = postSolution
		SolutionGuid = {459155A6-6343-485B-ADE3-48A5D905058C}
	EndGlobalSection
EndGlobal
